
Microsoft Visual Studio Solution File, Format Version 12.00
# Visual Studio 15
VisualStudioVersion = 15.0.28307.489
MinimumVisualStudioVersion = 10.0.40219.1
Project("{FAE04EC0-301F-11D3-BF4B-00C04F79EFBC}") = "Shop", "Shop\Shop.csproj", "{BAF2401C-1753-4F92-B968-EB104F32BF57}"
EndProject
Project("{FAE04EC0-301F-11D3-BF4B-00C04F79EFBC}") = "Shop.Tests", "Shop.Tests\Shop.Tests.csproj", "{88ECCF1A-0130-4BB7-AB80-203239874D7A}"
EndProject
Global
	GlobalSection(SolutionConfigurationPlatforms) = preSolution
		Debug|Any CPU = Debug|Any CPU
		Release|Any CPU = Release|Any CPU
	EndGlobalSection
	GlobalSection(ProjectConfigurationPlatforms) = postSolution
		{BAF2401C-1753-4F92-B968-EB104F32BF57}.Debug|Any CPU.ActiveCfg = Debug|Any CPU
		{BAF2401C-1753-4F92-B968-EB104F32BF57}.Debug|Any CPU.Build.0 = Debug|Any CPU
		{BAF2401C-1753-4F92-B968-EB104F32BF57}.Release|Any CPU.ActiveCfg = Release|Any CPU
		{BAF2401C-1753-4F92-B968-EB104F32BF57}.Release|Any CPU.Build.0 = Release|Any CPU
		{88ECCF1A-0130-4BB7-AB80-203239874D7A}.Debug|Any CPU.ActiveCfg = Debug|Any CPU
		{88ECCF1A-0130-4BB7-AB80-203239874D7A}.Debug|Any CPU.Build.0 = Debug|Any CPU
		{88ECCF1A-0130-4BB7-AB80-203239874D7A}.Release|Any CPU.ActiveCfg = Release|Any CPU
		{88ECCF1A-0130-4BB7-AB80-203239874D7A}.Release|Any CPU.Build.0 = Release|Any CPU
	EndGlobalSection
	GlobalSection(SolutionProperties) = preSolution
		HideSolutionNode = FALSE
	EndGlobalSection
	GlobalSection(ExtensibilityGlobals) = postSolution
		SolutionGuid = {FC220E23-5836-45B2-B43F-D76AD525C015}
	EndGlobalSection
EndGlobal
